Microsoft Visual Studio Solution File, Format Version 12.00
# Visual Studio 2013
VisualStudioVersion = 12.0.31101.0
MinimumVisualStudioVersion = 10.0.40219.1
Project("{2150E333-8FDC-42A3-9474-1A3956D46DE8}") = "AppStudio", "AppStudio", "{866D8B87-3E37-436A-9020-DC3FA3F8F8E0}"
EndProject
Project("{D954291E-2A0B-460D-934E-DC6B0785DB48}") = "AppStudio.Shared", "AppStudio.Shared\AppStudio.Shared.shproj", "{DA365089-FA67-43C5-A165-BCCB3A558794}"
EndProject
Project("{FAE04EC0-301F-11D3-BF4B-00C04F79EFBC}") = "AppStudio.Windows", "AppStudio.Windows\AppStudio.Windows.csproj", "{5F6A1867-AD21-4DCF-99E5-A17A63EA0049}"
EndProject
Project("{FAE04EC0-301F-11D3-BF4B-00C04F79EFBC}") = "AppStudio.WindowsPhone", "AppStudio.WindowsPhone\AppStudio.WindowsPhone.csproj", "{40E40B23-996B-43D8-A209-DEB6FFEA3DFC}"
EndProject
Project("{FAE04EC0-301F-11D3-BF4B-00C04F79EFBC}") = "AppStudio.Data", "AppStudio.Data\AppStudio.Data.csproj", "{DC7953BC-DBC2-416C-AEA1-C6F240B7772E}"
EndProject
Project("{2150E333-8FDC-42A3-9474-1A3956D46DE8}") = ".nuget", ".nuget", "{168DC681-9C0B-415E-B699-AC7A0BDEADE9}"
	ProjectSection(SolutionItems) = preProject
		.nuget\NuGet.config = .nuget\NuGet.config
		.nuget\NuGet.exe = .nuget\NuGet.exe
		.nuget\NuGet.targets = .nuget\NuGet.targets
	EndProjectSection
EndProject
Project("{2150E333-8FDC-42A3-9474-1A3956D46DE8}") = "Lib", "Lib", "{B5D07A3D-6083-4C10-B34B-D3FF47C9F42D}"
	ProjectSection(SolutionItems) = preProject
		Lib\AppStudio.Common.dll = Lib\AppStudio.Common.dll
	EndProjectSection
EndProject
Global
	GlobalSection(SharedMSBuildProjectFiles) = preSolution
		AppStudio.Shared\AppStudio.Shared.projitems*{da365089-fa67-43c5-a165-bccb3a558794}*SharedItemsImports = 13
		AppStudio.Shared\AppStudio.Shared.projitems*{40e40b23-996b-43d8-a209-deb6ffea3dfc}*SharedItemsImports = 4
		AppStudio.Shared\AppStudio.Shared.projitems*{5f6a1867-ad21-4dcf-99e5-a17a63ea0049}*SharedItemsImports = 4
	EndGlobalSection
	GlobalSection(SolutionConfigurationPlatforms) = preSolution
		Debug|Any CPU = Debug|Any CPU
		Debug|ARM = Debug|ARM
		Debug|x64 = Debug|x64
		Debug|x86 = Debug|x86
		Release|Any CPU = Release|Any CPU
		Release|ARM = Release|ARM
		Release|x64 = Release|x64
		Release|x86 = Release|x86
	EndGlobalSection
	GlobalSection(ProjectConfigurationPlatforms) = postSolution
		{5F6A1867-AD21-4DCF-99E5-A17A63EA0049}.Debug|Any CPU.ActiveCfg = Debug|Any CPU
		{5F6A1867-AD21-4DCF-99E5-A17A63EA0049}.Debug|Any CPU.Build.0 = Debug|Any CPU
		{5F6A1867-AD21-4DCF-99E5-A17A63EA0049}.Debug|Any CPU.Deploy.0 = Debug|Any CPU
		{5F6A1867-AD21-4DCF-99E5-A17A63EA0049}.Debug|ARM.ActiveCfg = Debug|ARM
		{5F6A1867-AD21-4DCF-99E5-A17A63EA0049}.Debug|ARM.Build.0 = Debug|ARM
		{5F6A1867-AD21-4DCF-99E5-A17A63EA0049}.Debug|ARM.Deploy.0 = Debug|ARM
		{5F6A1867-AD21-4DCF-99E5-A17A63EA0049}.Debug|x64.ActiveCfg = Debug|x64
		{5F6A1867-AD21-4DCF-99E5-A17A63EA0049}.Debug|x64.Build.0 = Debug|x64
		{5F6A1867-AD21-4DCF-99E5-A17A63EA0049}.Debug|x64.Deploy.0 = Debug|x64
		{5F6A1867-AD21-4DCF-99E5-A17A63EA0049}.Debug|x86.ActiveCfg = Debug|x86
		{5F6A1867-AD21-4DCF-99E5-A17A63EA0049}.Debug|x86.Build.0 = Debug|x86
		{5F6A1867-AD21-4DCF-99E5-A17A63EA0049}.Debug|x86.Deploy.0 = Debug|x86
		{5F6A1867-AD21-4DCF-99E5-A17A63EA0049}.Release|Any CPU.ActiveCfg = Release|Any CPU
		{5F6A1867-AD21-4DCF-99E5-A17A63EA0049}.Release|Any CPU.Build.0 = Release|Any CPU
		{5F6A1867-AD21-4DCF-99E5-A17A63EA0049}.Release|Any CPU.Deploy.0 = Release|Any CPU
		{5F6A1867-AD21-4DCF-99E5-A17A63EA0049}.Release|ARM.ActiveCfg = Release|ARM
		{5F6A1867-AD21-4DCF-99E5-A17A63EA0049}.Release|ARM.Build.0 = Release|ARM
		{5F6A1867-AD21-4DCF-99E5-A17A63EA0049}.Release|ARM.Deploy.0 = Release|ARM
		{5F6A1867-AD21-4DCF-99E5-A17A63EA0049}.Release|x64.ActiveCfg = Release|x64
		{5F6A1867-AD21-4DCF-99E5-A17A63EA0049}.Release|x64.Build.0 = Release|x64
		{5F6A1867-AD21-4DCF-99E5-A17A63EA0049}.Release|x64.Deploy.0 = Release|x64
		{5F6A1867-AD21-4DCF-99E5-A17A63EA0049}.Release|x86.ActiveCfg = Release|x86
		{5F6A1867-AD21-4DCF-99E5-A17A63EA0049}.Release|x86.Build.0 = Release|x86
		{5F6A1867-AD21-4DCF-99E5-A17A63EA0049}.Release|x86.Deploy.0 = Release|x86
		{40E40B23-996B-43D8-A209-DEB6FFEA3DFC}.Debug|Any CPU.ActiveCfg = Debug|Any CPU
		{40E40B23-996B-43D8-A209-DEB6FFEA3DFC}.Debug|Any CPU.Build.0 = Debug|Any CPU
		{40E40B23-996B-43D8-A209-DEB6FFEA3DFC}.Debug|Any CPU.Deploy.0 = Debug|Any CPU
		{40E40B23-996B-43D8-A209-DEB6FFEA3DFC}.Debug|ARM.ActiveCfg = Debug|ARM
		{40E40B23-996B-43D8-A209-DEB6FFEA3DFC}.Debug|ARM.Build.0 = Debug|ARM
		{40E40B23-996B-43D8-A209-DEB6FFEA3DFC}.Debug|ARM.Deploy.0 = Debug|ARM
		{40E40B23-996B-43D8-A209-DEB6FFEA3DFC}.Debug|x64.ActiveCfg = Debug|Any CPU
		{40E40B23-996B-43D8-A209-DEB6FFEA3DFC}.Debug|x86.ActiveCfg = Debug|x86
		{40E40B23-996B-43D8-A209-DEB6FFEA3DFC}.Debug|x86.Build.0 = Debug|x86
		{40E40B23-996B-43D8-A209-DEB6FFEA3DFC}.Debug|x86.Deploy.0 = Debug|x86
		{40E40B23-996B-43D8-A209-DEB6FFEA3DFC}.Release|Any CPU.ActiveCfg = Release|Any CPU
		{40E40B23-996B-43D8-A209-DEB6FFEA3DFC}.Release|Any CPU.Build.0 = Release|Any CPU
		{40E40B23-996B-43D8-A209-DEB6FFEA3DFC}.Release|Any CPU.Deploy.0 = Release|Any CPU
		{40E40B23-996B-43D8-A209-DEB6FFEA3DFC}.Release|ARM.ActiveCfg = Release|ARM
		{40E40B23-996B-43D8-A209-DEB6FFEA3DFC}.Release|ARM.Build.0 = Release|ARM
		{40E40B23-996B-43D8-A209-DEB6FFEA3DFC}.Release|ARM.Deploy.0 = Release|ARM
		{40E40B23-996B-43D8-A209-DEB6FFEA3DFC}.Release|x64.ActiveCfg = Release|Any CPU
		{40E40B23-996B-43D8-A209-DEB6FFEA3DFC}.Release|x86.ActiveCfg = Release|x86
		{40E40B23-996B-43D8-A209-DEB6FFEA3DFC}.Release|x86.Build.0 = Release|x86
		{40E40B23-996B-43D8-A209-DEB6FFEA3DFC}.Release|x86.Deploy.0 = Release|x86
		{DC7953BC-DBC2-416C-AEA1-C6F240B7772E}.Debug|Any CPU.ActiveCfg = Debug|Any CPU
		{DC7953BC-DBC2-416C-AEA1-C6F240B7772E}.Debug|Any CPU.Build.0 = Debug|Any CPU
		{DC7953BC-DBC2-416C-AEA1-C6F240B7772E}.Debug|ARM.ActiveCfg = Debug|Any CPU
		{DC7953BC-DBC2-416C-AEA1-C6F240B7772E}.Debug|x64.ActiveCfg = Debug|Any CPU
		{DC7953BC-DBC2-416C-AEA1-C6F240B7772E}.Debug|x86.ActiveCfg = Debug|Any CPU
		{DC7953BC-DBC2-416C-AEA1-C6F240B7772E}.Release|Any CPU.ActiveCfg = Release|Any CPU
		{DC7953BC-DBC2-416C-AEA1-C6F240B7772E}.Release|Any CPU.Build.0 = Release|Any CPU
		{DC7953BC-DBC2-416C-AEA1-C6F240B7772E}.Release|ARM.ActiveCfg = Release|Any CPU
		{DC7953BC-DBC2-416C-AEA1-C6F240B7772E}.Release|x64.ActiveCfg = Release|Any CPU
		{DC7953BC-DBC2-416C-AEA1-C6F240B7772E}.Release|x86.ActiveCfg = Release|Any CPU
	EndGlobalSection
	GlobalSection(SolutionProperties) = preSolution
		HideSolutionNode = FALSE
	EndGlobalSection
	GlobalSection(NestedProjects) = preSolution
		{DA365089-FA67-43C5-A165-BCCB3A558794} = {866D8B87-3E37-436A-9020-DC3FA3F8F8E0}
		{5F6A1867-AD21-4DCF-99E5-A17A63EA0049} = {866D8B87-3E37-436A-9020-DC3FA3F8F8E0}
		{40E40B23-996B-43D8-A209-DEB6FFEA3DFC} = {866D8B87-3E37-436A-9020-DC3FA3F8F8E0}
	EndGlobalSection
EndGlobal
